<?xml version="1.0" encoding="utf-8"?>
<Project ToolsVersion="4.0" xmlns="http://schemas.microsoft.com/developer/msbuild/2003">
  <ItemGroup>
    <Filter Include="源文件">
      <UniqueIdentifier>{4FC737F1-C7A5-4376-A066-2A32D752A2FF}</UniqueIdentifier>
      <Extensions>cpp;c;cc;cxx;def;odl;idl;hpj;bat;asm;asmx</Extensions>
    </Filter>
    <Filter Include="头文件">
      <UniqueIdentifier>{93995380-89BD-4b04-88EB-625FBE52EBFB}</UniqueIdentifier>
      <Extensions>h;hh;hpp;hxx;hm;inl;inc;xsd</Extensions>
    </Filter>
    <Filter Include="资源文件">
      <UniqueIdentifier>{67DA6AB6-F800-4c08-8B7A-83BB121AAD01}</UniqueIdentifier>
      <Extensions>rc;ico;cur;bmp;dlg;rc2;rct;bin;rgs;gif;jpg;jpeg;jpe;resx;tiff;tif;png;wav;mfcribbon-ms</Extensions>
    </Filter>
    <Filter Include="impl">
      <UniqueIdentifier>{745364dc-16aa-4594-88b8-5e4394bd3f96}</UniqueIdentifier>
    </Filter>
    <Filter Include="test">
      <UniqueIdentifier>{ca6002b8-3e1c-4583-8d5f-a9408020eb62}</UniqueIdentifier>
    </Filter>
  </ItemGroup>
  <ItemGroup>
    <ClInclude Include="Iterator.h">
      <Filter>头文件</Filter>
    </ClInclude>
    <ClInclude Include="Alloc.h">
      <Filter>头文件</Filter>
    </ClInclude>
    <ClInclude Include="Construct.h">
      <Filter>头文件</Filter>
    </ClInclude>
    <ClInclude Include="Type_traits.h">
      <Filter>头文件</Filter>
    </ClInclude>
    <ClInclude Include="Vector.h">
      <Filter>头文件</Filter>
    </ClInclude>
    <ClInclude Include="Allocator.h">
      <Filter>头文件</Filter>
    </ClInclude>
    <ClInclude Include="impl\Vector.impl.h">
      <Filter>impl</Filter>
    </ClInclude>
    <ClInclude Include="uninitialized.h">
      <Filter>头文件</Filter>
    </ClInclude>
    <ClInclude Include="vectorTest.h">
      <Filter>test</Filter>
    </ClInclude>
    <ClInclude Include="TestUtil.h">
      <Filter>test</Filter>
    </ClInclude>
    <ClInclude Include="List.h">
      <Filter>头文件</Filter>
    </ClInclude>
    <ClInclude Include="List.impl.h">
      <Filter>impl</Filter>
    </ClInclude>
  </ItemGroup>
  <ItemGroup>
    <ClCompile Include="Alloc.cpp">
      <Filter>源文件</Filter>
    </ClCompile>
    <ClCompile Include="main.cpp">
      <Filter>源文件</Filter>
    </ClCompile>
    <ClCompile Include="vectorTest.cpp">
      <Filter>test</Filter>
    </ClCompile>
  </ItemGroup>
</Project>